
Microsoft Visual Studio Solution File, Format Version 12.00
Project("{FAE04EC0-301F-11D3-BF4B-00C04F79EFBC}") = "Kontur.ImageTransformer", "Kontur.ImageTransformer\Kontur.ImageTransformer.csproj", "{F579BAC1-16CE-4067-9558-A94D5D313E61}"
EndProject
Project("{FAE04EC0-301F-11D3-BF4B-00C04F79EFBC}") = "Kontur.ImageTransformer.Tests", "Kontur.ImageTransformer.Tests\Kontur.ImageTransformer.Tests.csproj", "{3F5EAA8A-8351-41D2-A460-73CBEB4DBC11}"
EndProject
Project("{FAE04EC0-301F-11D3-BF4B-00C04F79EFBC}") = "Kontur.ImageTransformer.Demo", "Kontur.ImageTransformer.Demo\Kontur.ImageTransformer.Demo.csproj", "{1E870BED-B435-42E0-9BDE-8E2CB1DDCCF3}"
EndProject
Global
	GlobalSection(SolutionConfigurationPlatforms) = preSolution
		Debug|Any CPU = Debug|Any CPU
		Release|Any CPU = Release|Any CPU
	EndGlobalSection
	GlobalSection(ProjectConfigurationPlatforms) = postSolution
		{F579BAC1-16CE-4067-9558-A94D5D313E61}.Debug|Any CPU.ActiveCfg = Debug|Any CPU
		{F579BAC1-16CE-4067-9558-A94D5D313E61}.Debug|Any CPU.Build.0 = Debug|Any CPU
		{F579BAC1-16CE-4067-9558-A94D5D313E61}.Release|Any CPU.ActiveCfg = Release|Any CPU
		{F579BAC1-16CE-4067-9558-A94D5D313E61}.Release|Any CPU.Build.0 = Release|Any CPU
		{3F5EAA8A-8351-41D2-A460-73CBEB4DBC11}.Debug|Any CPU.ActiveCfg = Debug|Any CPU
		{3F5EAA8A-8351-41D2-A460-73CBEB4DBC11}.Debug|Any CPU.Build.0 = Debug|Any CPU
		{3F5EAA8A-8351-41D2-A460-73CBEB4DBC11}.Release|Any CPU.ActiveCfg = Release|Any CPU
		{3F5EAA8A-8351-41D2-A460-73CBEB4DBC11}.Release|Any CPU.Build.0 = Release|Any CPU
		{1E870BED-B435-42E0-9BDE-8E2CB1DDCCF3}.Debug|Any CPU.ActiveCfg = Debug|Any CPU
		{1E870BED-B435-42E0-9BDE-8E2CB1DDCCF3}.Debug|Any CPU.Build.0 = Debug|Any CPU
		{1E870BED-B435-42E0-9BDE-8E2CB1DDCCF3}.Release|Any CPU.ActiveCfg = Release|Any CPU
		{1E870BED-B435-42E0-9BDE-8E2CB1DDCCF3}.Release|Any CPU.Build.0 = Release|Any CPU
	EndGlobalSection
EndGlobal
