
Microsoft Visual Studio Solution File, Format Version 12.00
Project("{FAE04EC0-301F-11D3-BF4B-00C04F79EFBC}") = "Kontur.ImageTransformer", "Kontur.ImageTransformer\Kontur.ImageTransformer.csproj", "{A98BEFB7-99BB-453F-9AFA-20B66C87577F}"
EndProject
Project("{FAE04EC0-301F-11D3-BF4B-00C04F79EFBC}") = "Kontur.ImageTransformerTests", "Kontur.ImageTransformerTests\Kontur.ImageTransformerTests.csproj", "{9484FB90-C99A-4B60-8508-6F62281F35ED}"
EndProject
Global
	GlobalSection(SolutionConfigurationPlatforms) = preSolution
		Debug|x64 = Debug|x64
		Release|x64 = Release|x64
	EndGlobalSection
	GlobalSection(ProjectConfigurationPlatforms) = postSolution
		{A98BEFB7-99BB-453F-9AFA-20B66C87577F}.Debug|x64.ActiveCfg = Debug|x64
		{A98BEFB7-99BB-453F-9AFA-20B66C87577F}.Debug|x64.Build.0 = Debug|x64
		{A98BEFB7-99BB-453F-9AFA-20B66C87577F}.Release|x64.ActiveCfg = Release|x64
		{A98BEFB7-99BB-453F-9AFA-20B66C87577F}.Release|x64.Build.0 = Release|x64
		{9484FB90-C99A-4B60-8508-6F62281F35ED}.Debug|x64.ActiveCfg = Debug|x64
		{9484FB90-C99A-4B60-8508-6F62281F35ED}.Debug|x64.Build.0 = Debug|x64
		{9484FB90-C99A-4B60-8508-6F62281F35ED}.Release|x64.ActiveCfg = Release|x64
		{9484FB90-C99A-4B60-8508-6F62281F35ED}.Release|x64.Build.0 = Release|x64
	EndGlobalSection
EndGlobal
